// !$*UTF8*$!
{
	archiveVersion = 1;
	classes = {
	};
	objectVersion = 63;
	objects = {

/* Begin PBXBuildFile section */
		75BA2F255C5236219001428B /* FinderSync.swift in Sources */ = {isa = PBXBuildFile; fileRef = 0F201AB8407B0DFCD34D4841 /* FinderSync.swift */; };
		BDE49F4046F9D620C4014CD6 /* AppDelegate.swift in Sources */ = {isa = PBXBuildFile; fileRef = D1076FC2339C4D189027F9FE /* AppDelegate.swift */; };
		D2CCF20D889DD9682CC6CBE3 /* Mac2WinZipFinder.appex in Embed Foundation Extensions */ = {isa = PBXBuildFile; fileRef = 68E8FA8173808F9DF4261EED /* Mac2WinZipFinder.appex */; settings = {ATTRIBUTES = (RemoveHeadersOnCopy, ); }; };
/* End PBXBuildFile section */

/* Begin PBXContainerItemProxy section */
		A9079DEA39E0DF465784904E /* PBXContainerItemProxy */ = {
			isa = PBXContainerItemProxy;
			containerPortal = 528837BC2D490B6C2D969E9F /* Project object */;
			proxyType = 1;
			remoteGlobalIDString = 17A9E5F4A506148AA834F9F5;
			remoteInfo = FinderExtension;
		};
/* End PBXContainerItemProxy section */

/* Begin PBXCopyFilesBuildPhase section */
		66BCE4475B30DC3104BC3EF5 /* Embed Foundation Extensions */ = {
			isa = PBXCopyFilesBuildPhase;
			buildActionMask = 2147483647;
			dstPath = "";
			dstSubfolderSpec = 13;
			files = (
				D2CCF20D889DD9682CC6CBE3 /* Mac2WinZipFinder.appex in Embed Foundation Extensions */,
			);
			name = "Embed Foundation Extensions";
			runOnlyForDeploymentPostprocessing = 0;
		};
/* End PBXCopyFilesBuildPhase section */

/* Begin PBXFileReference section */
		0F201AB8407B0DFCD34D4841 /* FinderSync.swift */ = {isa = PBXFileReference; lastKnownFileType = sourcecode.swift; path = FinderSync.swift; sourceTree = "<group>"; };
		23F2309056CD1A2A620B4CBB /* Info.plist */ = {isa = PBXFileReference; lastKnownFileType = text.plist; path = Info.plist; sourceTree = "<group>"; };
		2C2DB225F88177FB243FBA40 /* Mac2WinZip.app */ = {isa = PBXFileReference; explicitFileType = wrapper.application; includeInIndex = 0; path = Mac2WinZip.app; sourceTree = BUILT_PRODUCTS_DIR; };
		68E8FA8173808F9DF4261EED /* Mac2WinZipFinder.appex */ = {isa = PBXFileReference; explicitFileType = "wrapper.app-extension"; includeInIndex = 0; path = Mac2WinZipFinder.appex; sourceTree = BUILT_PRODUCTS_DIR; };
		852951158081F2BA6302A1FB /* Mac2WinZipApp.entitlements */ = {isa = PBXFileReference; lastKnownFileType = text.plist.entitlements; path = Mac2WinZipApp.entitlements; sourceTree = "<group>"; };
		AD475D6D21BD2B9AC81FB5E5 /* FinderExtension.entitlements */ = {isa = PBXFileReference; lastKnownFileType = text.plist.entitlements; path = FinderExtension.entitlements; sourceTree = "<group>"; };
		D1076FC2339C4D189027F9FE /* AppDelegate.swift */ = {isa = PBXFileReference; lastKnownFileType = sourcecode.swift; path = AppDelegate.swift; sourceTree = "<group>"; };
		F80BF77BFAAC2D9189EEF8A6 /* Info.plist */ = {isa = PBXFileReference; lastKnownFileType = text.plist; path = Info.plist; sourceTree = "<group>"; };
/* End PBXFileReference section */

/* Begin PBXGroup section */
		2AC0911ECFAF624D2E4D226E = {
			isa = PBXGroup;
			children = (
				589E139D9501FAF6D526F581 /* FinderExtension */,
				500801BBC10B28CA4714DD8D /* Mac2WinZipApp */,
				79D49E81C2F12CBE26461248 /* Products */,
			);
			sourceTree = "<group>";
		};
		500801BBC10B28CA4714DD8D /* Mac2WinZipApp */ = {
			isa = PBXGroup;
			children = (
				D1076FC2339C4D189027F9FE /* AppDelegate.swift */,
				23F2309056CD1A2A620B4CBB /* Info.plist */,
				852951158081F2BA6302A1FB /* Mac2WinZipApp.entitlements */,
			);
			path = Mac2WinZipApp;
			sourceTree = "<group>";
		};
		589E139D9501FAF6D526F581 /* FinderExtension */ = {
			isa = PBXGroup;
			children = (
				AD475D6D21BD2B9AC81FB5E5 /* FinderExtension.entitlements */,
				0F201AB8407B0DFCD34D4841 /* FinderSync.swift */,
				F80BF77BFAAC2D9189EEF8A6 /* Info.plist */,
			);
			path = FinderExtension;
			sourceTree = "<group>";
		};
		79D49E81C2F12CBE26461248 /* Products */ = {
			isa = PBXGroup;
			children = (
				68E8FA8173808F9DF4261EED /* Mac2WinZipFinder.appex */,
				2C2DB225F88177FB243FBA40 /* Mac2WinZip.app */,
			);
			name = Products;
			sourceTree = "<group>";
		};
/* End PBXGroup section */

/* Begin PBXNativeTarget section */
		17A9E5F4A506148AA834F9F5 /* FinderExtension */ = {
			isa = PBXNativeTarget;
			buildConfigurationList = F5A95DF3B833DCDF69A259A4 /* Build configuration list for PBXNativeTarget "FinderExtension" */;
			buildPhases = (
				3F88844631C8E92E190E46C1 /* Sources */,
			);
			buildRules = (
			);
			dependencies = (
			);
			name = FinderExtension;
			packageProductDependencies = (
			);
			productName = FinderExtension;
			productReference = 68E8FA8173808F9DF4261EED /* Mac2WinZipFinder.appex */;
			productType = "com.apple.product-type.app-extension";
		};
		610515A7580EE3AB8482043C /* Mac2WinZipApp */ = {
			isa = PBXNativeTarget;
			buildConfigurationList = 4D531190277D5CEAF3F015F6 /* Build configuration list for PBXNativeTarget "Mac2WinZipApp" */;
			buildPhases = (
				D77D53CD376D6CAB67815306 /* Sources */,
				66BCE4475B30DC3104BC3EF5 /* Embed Foundation Extensions */,
			);
			buildRules = (
			);
			dependencies = (
				12743AA6B258DD2CD1072035 /* PBXTargetDependency */,
			);
			name = Mac2WinZipApp;
			packageProductDependencies = (
			);
			productName = Mac2WinZipApp;
			productReference = 2C2DB225F88177FB243FBA40 /* Mac2WinZip.app */;
			productType = "com.apple.product-type.application";
		};
/* End PBXNativeTarget section */

/* Begin PBXProject section */
		528837BC2D490B6C2D969E9F /* Project object */ = {
			isa = PBXProject;
			attributes = {
				BuildIndependentTargetsInParallel = YES;
				LastUpgradeCheck = 1600;
				TargetAttributes = {
					17A9E5F4A506148AA834F9F5 = {
						ProvisioningStyle = Automatic;
					};
					610515A7580EE3AB8482043C = {
						ProvisioningStyle = Automatic;
					};
				};
			};
			buildConfigurationList = 9E93B56298DB26333CA90333 /* Build configuration list for PBXProject "Mac2WinZip" */;
			compatibilityVersion = "Xcode 14.0";
			developmentRegion = en;
			hasScannedForEncodings = 0;
			knownRegions = (
				Base,
				en,
			);
			mainGroup = 2AC0911ECFAF624D2E4D226E;
			minimizedProjectReferenceProxies = 1;
			projectDirPath = "";
			projectRoot = "";
			targets = (
				17A9E5F4A506148AA834F9F5 /* FinderExtension */,
				610515A7580EE3AB8482043C /* Mac2WinZipApp */,
			);
		};
/* End PBXProject section */

/* Begin PBXSourcesBuildPhase section */
		3F88844631C8E92E190E46C1 /* Sources */ = {
			isa = PBXSourcesBuildPhase;
			buildActionMask = 2147483647;
			files = (
				75BA2F255C5236219001428B /* FinderSync.swift in Sources */,
			);
			runOnlyForDeploymentPostprocessing = 0;
		};
		D77D53CD376D6CAB67815306 /* Sources */ = {
			isa = PBXSourcesBuildPhase;
			buildActionMask = 2147483647;
			files = (
				BDE49F4046F9D620C4014CD6 /* AppDelegate.swift in Sources */,
			);
			runOnlyForDeploymentPostprocessing = 0;
		};
/* End PBXSourcesBuildPhase section */

/* Begin PBXTargetDependency section */
		12743AA6B258DD2CD1072035 /* PBXTargetDependency */ = {
			isa = PBXTargetDependency;
			target = 17A9E5F4A506148AA834F9F5 /* FinderExtension */;
			targetProxy = A9079DEA39E0DF465784904E /* PBXContainerItemProxy */;
		};
/* End PBXTargetDependency section */

/* Begin XCBuildConfiguration section */
		0115E6DD804E097BBDD95081 /* Release */ = {
			isa = XCBuildConfiguration;
			buildSettings = {
				ASSETCATALOG_COMPILER_APPICON_NAME = AppIcon;
				CODE_SIGN_ENTITLEMENTS = Mac2WinZipApp/Mac2WinZipApp.entitlements;
				CODE_SIGN_IDENTITY = "Apple Development";
				CODE_SIGN_STYLE = Automatic;
				COMBINE_HIDPI_IMAGES = YES;
				DEVELOPMENT_TEAM = CB53QB44PP;
				INFOPLIST_FILE = Mac2WinZipApp/Info.plist;
				LD_RUNPATH_SEARCH_PATHS = (
					"$(inherited)",
					"@executable_path/../Frameworks",
				);
				MACOSX_DEPLOYMENT_TARGET = 13.0;
				PRODUCT_BUNDLE_IDENTIFIER = "com.wordbe.mac2win-zip.app";
				PRODUCT_NAME = Mac2WinZip;
				SDKROOT = macosx;
			};
			name = Release;
		};
		06089BB2F18A2DB6F39E3834 /* Debug */ = {
			isa = XCBuildConfiguration;
			buildSettings = {
				ALWAYS_SEARCH_USER_PATHS = NO;
				CLANG_ANALYZER_NONNULL = YES;
				CLANG_ANALYZER_NUMBER_OBJECT_CONVERSION = YES_AGGRESSIVE;
				CLANG_CXX_LANGUAGE_STANDARD = "gnu++14";
				CLANG_CXX_LIBRARY = "libc++";
				CLANG_ENABLE_MODULES = YES;
				CLANG_ENABLE_OBJC_ARC = YES;
				CLANG_ENABLE_OBJC_WEAK = YES;
				CLANG_WARN_BLOCK_CAPTURE_AUTORELEASING = YES;
				CLANG_WARN_BOOL_CONVERSION = YES;
				CLANG_WARN_COMMA = YES;
				CLANG_WARN_CONSTANT_CONVERSION = YES;
				CLANG_WARN_DEPRECATED_OBJC_IMPLEMENTATIONS = YES;
				CLANG_WARN_DIRECT_OBJC_ISA_USAGE = YES_ERROR;
				CLANG_WARN_DOCUMENTATION_COMMENTS = YES;
				CLANG_WARN_EMPTY_BODY = YES;
				CLANG_WARN_ENUM_CONVERSION = YES;
				CLANG_WARN_INFINITE_RECURSION = YES;
				CLANG_WARN_INT_CONVERSION = YES;
				CLANG_WARN_NON_LITERAL_NULL_CONVERSION = YES;
				CLANG_WARN_OBJC_IMPLICIT_RETAIN_SELF = YES;
				CLANG_WARN_OBJC_LITERAL_CONVERSION = YES;
				CLANG_WARN_OBJC_ROOT_CLASS = YES_ERROR;
				CLANG_WARN_QUOTED_INCLUDE_IN_FRAMEWORK_HEADER = YES;
				CLANG_WARN_RANGE_LOOP_ANALYSIS = YES;
				CLANG_WARN_STRICT_PROTOTYPES = YES;
				CLANG_WARN_SUSPICIOUS_MOVE = YES;
				CLANG_WARN_UNGUARDED_AVAILABILITY = YES_AGGRESSIVE;
				CLANG_WARN_UNREACHABLE_CODE = YES;
				CLANG_WARN__DUPLICATE_METHOD_MATCH = YES;
				COPY_PHASE_STRIP = NO;
				DEBUG_INFORMATION_FORMAT = dwarf;
				ENABLE_STRICT_OBJC_MSGSEND = YES;
				ENABLE_TESTABILITY = YES;
				GCC_C_LANGUAGE_STANDARD = gnu11;
				GCC_DYNAMIC_NO_PIC = NO;
				GCC_NO_COMMON_BLOCKS = YES;
				GCC_OPTIMIZATION_LEVEL = 0;
				GCC_PREPROCESSOR_DEFINITIONS = (
					"$(inherited)",
					"DEBUG=1",
				);
				GCC_WARN_64_TO_32_BIT_CONVERSION = YES;
				GCC_WARN_ABOUT_RETURN_TYPE = YES_ERROR;
				GCC_WARN_UNDECLARED_SELECTOR = YES;
				GCC_WARN_UNINITIALIZED_AUTOS = YES_AGGRESSIVE;
				GCC_WARN_UNUSED_FUNCTION = YES;
				GCC_WARN_UNUSED_VARIABLE = YES;
				MACOSX_DEPLOYMENT_TARGET = 13.0;
				MTL_ENABLE_DEBUG_INFO = INCLUDE_SOURCE;
				MTL_FAST_MATH = YES;
				ONLY_ACTIVE_ARCH = YES;
				PRODUCT_NAME = "$(TARGET_NAME)";
				SDKROOT = macosx;
				SWIFT_ACTIVE_COMPILATION_CONDITIONS = DEBUG;
				SWIFT_OPTIMIZATION_LEVEL = "-Onone";
				SWIFT_VERSION = 5.9;
			};
			name = Debug;
		};
		499433F86666C84190A9C2F4 /* Debug */ = {
			isa = XCBuildConfiguration;
			buildSettings = {
				ASSETCATALOG_COMPILER_APPICON_NAME = AppIcon;
				CODE_SIGN_ENTITLEMENTS = Mac2WinZipApp/Mac2WinZipApp.entitlements;
				CODE_SIGN_IDENTITY = "Apple Development";
				CODE_SIGN_STYLE = Automatic;
				COMBINE_HIDPI_IMAGES = YES;
				DEVELOPMENT_TEAM = CB53QB44PP;
				INFOPLIST_FILE = Mac2WinZipApp/Info.plist;
				LD_RUNPATH_SEARCH_PATHS = (
					"$(inherited)",
					"@executable_path/../Frameworks",
				);
				MACOSX_DEPLOYMENT_TARGET = 13.0;
				PRODUCT_BUNDLE_IDENTIFIER = "com.wordbe.mac2win-zip.app";
				PRODUCT_NAME = Mac2WinZip;
				SDKROOT = macosx;
			};
			name = Debug;
		};
		4C10D80371D870DB73979E8B /* Debug */ = {
			isa = XCBuildConfiguration;
			buildSettings = {
				CODE_SIGN_ENTITLEMENTS = FinderExtension/FinderExtension.entitlements;
				CODE_SIGN_IDENTITY = "Apple Development";
				CODE_SIGN_STYLE = Automatic;
				COMBINE_HIDPI_IMAGES = YES;
				DEVELOPMENT_TEAM = CB53QB44PP;
				INFOPLIST_FILE = FinderExtension/Info.plist;
				LD_RUNPATH_SEARCH_PATHS = (
					"$(inherited)",
					"@executable_path/../Frameworks",
					"@executable_path/../../../../Frameworks",
				);
				MACOSX_DEPLOYMENT_TARGET = 13.0;
				PRODUCT_BUNDLE_IDENTIFIER = "com.wordbe.mac2win-zip.app.finder-extension";
				PRODUCT_NAME = Mac2WinZipFinder;
				SDKROOT = macosx;
			};
			name = Debug;
		};
		5E16B3A562418AC91C859990 /* Release */ = {
			isa = XCBuildConfiguration;
			buildSettings = {
				CODE_SIGN_ENTITLEMENTS = FinderExtension/FinderExtension.entitlements;
				CODE_SIGN_IDENTITY = "Apple Development";
				CODE_SIGN_STYLE = Automatic;
				COMBINE_HIDPI_IMAGES = YES;
				DEVELOPMENT_TEAM = CB53QB44PP;
				INFOPLIST_FILE = FinderExtension/Info.plist;
				LD_RUNPATH_SEARCH_PATHS = (
					"$(inherited)",
					"@executable_path/../Frameworks",
					"@executable_path/../../../../Frameworks",
				);
				MACOSX_DEPLOYMENT_TARGET = 13.0;
				PRODUCT_BUNDLE_IDENTIFIER = "com.wordbe.mac2win-zip.app.finder-extension";
				PRODUCT_NAME = Mac2WinZipFinder;
				SDKROOT = macosx;
			};
			name = Release;
		};
		CF306BD3145C8C6FDF07821D /* Release */ = {
			isa = XCBuildConfiguration;
			buildSettings = {
				ALWAYS_SEARCH_USER_PATHS = NO;
				CLANG_ANALYZER_NONNULL = YES;
				CLANG_ANALYZER_NUMBER_OBJECT_CONVERSION = YES_AGGRESSIVE;
				CLANG_CXX_LANGUAGE_STANDARD = "gnu++14";
				CLANG_CXX_LIBRARY = "libc++";
				CLANG_ENABLE_MODULES = YES;
				CLANG_ENABLE_OBJC_ARC = YES;
				CLANG_ENABLE_OBJC_WEAK = YES;
				CLANG_WARN_BLOCK_CAPTURE_AUTORELEASING = YES;
				CLANG_WARN_BOOL_CONVERSION = YES;
				CLANG_WARN_COMMA = YES;
				CLANG_WARN_CONSTANT_CONVERSION = YES;
				CLANG_WARN_DEPRECATED_OBJC_IMPLEMENTATIONS = YES;
				CLANG_WARN_DIRECT_OBJC_ISA_USAGE = YES_ERROR;
				CLANG_WARN_DOCUMENTATION_COMMENTS = YES;
				CLANG_WARN_EMPTY_BODY = YES;
				CLANG_WARN_ENUM_CONVERSION = YES;
				CLANG_WARN_INFINITE_RECURSION = YES;
				CLANG_WARN_INT_CONVERSION = YES;
				CLANG_WARN_NON_LITERAL_NULL_CONVERSION = YES;
				CLANG_WARN_OBJC_IMPLICIT_RETAIN_SELF = YES;
				CLANG_WARN_OBJC_LITERAL_CONVERSION = YES;
				CLANG_WARN_OBJC_ROOT_CLASS = YES_ERROR;
				CLANG_WARN_QUOTED_INCLUDE_IN_FRAMEWORK_HEADER = YES;
				CLANG_WARN_RANGE_LOOP_ANALYSIS = YES;
				CLANG_WARN_STRICT_PROTOTYPES = YES;
				CLANG_WARN_SUSPICIOUS_MOVE = YES;
				CLANG_WARN_UNGUARDED_AVAILABILITY = YES_AGGRESSIVE;
				CLANG_WARN_UNREACHABLE_CODE = YES;
				CLANG_WARN__DUPLICATE_METHOD_MATCH = YES;
				COPY_PHASE_STRIP = NO;
				DEBUG_INFORMATION_FORMAT = "dwarf-with-dsym";
				ENABLE_NS_ASSERTIONS = NO;
				ENABLE_STRICT_OBJC_MSGSEND = YES;
				GCC_C_LANGUAGE_STANDARD = gnu11;
				GCC_NO_COMMON_BLOCKS = YES;
				GCC_WARN_64_TO_32_BIT_CONVERSION = YES;
				GCC_WARN_ABOUT_RETURN_TYPE = YES_ERROR;
				GCC_WARN_UNDECLARED_SELECTOR = YES;
				GCC_WARN_UNINITIALIZED_AUTOS = YES_AGGRESSIVE;
				GCC_WARN_UNUSED_FUNCTION = YES;
				GCC_WARN_UNUSED_VARIABLE = YES;
				MACOSX_DEPLOYMENT_TARGET = 13.0;
				MTL_ENABLE_DEBUG_INFO = NO;
				MTL_FAST_MATH = YES;
				PRODUCT_NAME = "$(TARGET_NAME)";
				SDKROOT = macosx;
				SWIFT_COMPILATION_MODE = wholemodule;
				SWIFT_OPTIMIZATION_LEVEL = "-O";
				SWIFT_VERSION = 5.9;
			};
			name = Release;
		};
/* End XCBuildConfiguration section */

/* Begin XCConfigurationList section */
		4D531190277D5CEAF3F015F6 /* Build configuration list for PBXNativeTarget "Mac2WinZipApp" */ = {
			isa = XCConfigurationList;
			buildConfigurations = (
				499433F86666C84190A9C2F4 /* Debug */,
				0115E6DD804E097BBDD95081 /* Release */,
			);
			defaultConfigurationIsVisible = 0;
			defaultConfigurationName = Debug;
		};
		9E93B56298DB26333CA90333 /* Build configuration list for PBXProject "Mac2WinZip" */ = {
			isa = XCConfigurationList;
			buildConfigurations = (
				06089BB2F18A2DB6F39E3834 /* Debug */,
				CF306BD3145C8C6FDF07821D /* Release */,
			);
			defaultConfigurationIsVisible = 0;
			defaultConfigurationName = Debug;
		};
		F5A95DF3B833DCDF69A259A4 /* Build configuration list for PBXNativeTarget "FinderExtension" */ = {
			isa = XCConfigurationList;
			buildConfigurations = (
				4C10D80371D870DB73979E8B /* Debug */,
				5E16B3A562418AC91C859990 /* Release */,
			);
			defaultConfigurationIsVisible = 0;
			defaultConfigurationName = Debug;
		};
/* End XCConfigurationList section */
	};
	rootObject = 528837BC2D490B6C2D969E9F /* Project object */;
}
